
Microsoft Visual Studio Solution File, Format Version 12.00
# Visual Studio Version 17
VisualStudioVersion = 17.12.35707.178
MinimumVisualStudioVersion = 10.0.40219.1
Project("{FAE04EC0-301F-11D3-BF4B-00C04F79EFBC}") = "Portable", "Portable\Portable.csproj", "{9F3ABECC-CD27-4CC8-B464-5E36EAAC29DC}"
EndProject
Project("{2150E333-8FDC-42A3-9474-1A3956D46DE8}") = "Elementos de la solución", "Elementos de la solución", "{06C2049C-E107-4F6D-B956-E68C428BB149}"
	ProjectSection(SolutionItems) = preProject
		.gitignore = .gitignore
	EndProjectSection
EndProject
Global
	GlobalSection(SolutionConfigurationPlatforms) = preSolution
		Debug|Any CPU = Debug|Any CPU
		Release|Any CPU = Release|Any CPU
	EndGlobalSection
	GlobalSection(ProjectConfigurationPlatforms) = postSolution
		{9F3ABECC-CD27-4CC8-B464-5E36EAAC29DC}.Debug|Any CPU.ActiveCfg = Debug|Any CPU
		{9F3ABECC-CD27-4CC8-B464-5E36EAAC29DC}.Debug|Any CPU.Build.0 = Debug|Any CPU
		{9F3ABECC-CD27-4CC8-B464-5E36EAAC29DC}.Release|Any CPU.ActiveCfg = Release|Any CPU
		{9F3ABECC-CD27-4CC8-B464-5E36EAAC29DC}.Release|Any CPU.Build.0 = Release|Any CPU
	EndGlobalSection
	GlobalSection(SolutionProperties) = preSolution
		HideSolutionNode = FALSE
	EndGlobalSection
EndGlobal
